// !$*UTF8*$!
{
	archiveVersion = 1;
	classes = {
	};
	objectVersion = 56;
	objects = {

/* Begin PBXBuildFile section */
		81D2D0C42C2DC4E100732648 /* PrododoroApp.swift in Sources */ = {isa = PBXBuildFile; fileRef = 81D2D0C32C2DC4E100732648 /* PrododoroApp.swift */; };
		81D2D0C62C2DC4E100732648 /* ContentView.swift in Sources */ = {isa = PBXBuildFile; fileRef = 81D2D0C52C2DC4E100732648 /* ContentView.swift */; };
		81D2D0C82C2DC4E300732648 /* Assets.xcassets in Resources */ = {isa = PBXBuildFile; fileRef = 81D2D0C72C2DC4E300732648 /* Assets.xcassets */; };
		81D2D0CB2C2DC4E300732648 /* Preview Assets.xcassets in Resources */ = {isa = PBXBuildFile; fileRef = 81D2D0CA2C2DC4E300732648 /* Preview Assets.xcassets */; };
		81D2D0D52C2DC4E400732648 /* PrododoroTests.swift in Sources */ = {isa = PBXBuildFile; fileRef = 81D2D0D42C2DC4E400732648 /* PrododoroTests.swift */; };
		81D2D0DF2C2DC4E400732648 /* PrododoroUITests.swift in Sources */ = {isa = PBXBuildFile; fileRef = 81D2D0DE2C2DC4E400732648 /* PrododoroUITests.swift */; };
		81D2D0E12C2DC4E400732648 /* PrododoroUITestsLaunchTests.swift in Sources */ = {isa = PBXBuildFile; fileRef = 81D2D0E02C2DC4E400732648 /* PrododoroUITestsLaunchTests.swift */; };
		81D2D0EE2C2DC4FA00732648 /* MenuView.swift in Sources */ = {isa = PBXBuildFile; fileRef = 81D2D0ED2C2DC4FA00732648 /* MenuView.swift */; };
		81D2D0F02C2DC50900732648 /* SettingsView.swift in Sources */ = {isa = PBXBuildFile; fileRef = 81D2D0EF2C2DC50900732648 /* SettingsView.swift */; };
		81D2D0F22C2DC51200732648 /* Finance.swift in Sources */ = {isa = PBXBuildFile; fileRef = 81D2D0F12C2DC51200732648 /* Finance.swift */; };
		81D2D0F42C2DC51C00732648 /* To Do.swift in Sources */ = {isa = PBXBuildFile; fileRef = 81D2D0F32C2DC51C00732648 /* To Do.swift */; };
		81D2D0F62C2DC52700732648 /* Completed.swift in Sources */ = {isa = PBXBuildFile; fileRef = 81D2D0F52C2DC52700732648 /* Completed.swift */; };
		81D2D0F82C2DC53500732648 /* Quotes.swift in Sources */ = {isa = PBXBuildFile; fileRef = 81D2D0F72C2DC53500732648 /* Quotes.swift */; };
		81D2D0FA2C2DC6B400732648 /* TaskTimer.swift in Sources */ = {isa = PBXBuildFile; fileRef = 81D2D0F92C2DC6B400732648 /* TaskTimer.swift */; };
		81D2D0FC2C2DC6DC00732648 /* TaskDone.swift in Sources */ = {isa = PBXBuildFile; fileRef = 81D2D0FB2C2DC6DC00732648 /* TaskDone.swift */; };
		AFFFB1832C2DD3DB000BFD14 /* BudgetOverview.swift in Sources */ = {isa = PBXBuildFile; fileRef = AFFFB1822C2DD3DB000BFD14 /* BudgetOverview.swift */; };
		AFFFB1852C2DD3E7000BFD14 /* FinanceTips.swift in Sources */ = {isa = PBXBuildFile; fileRef = AFFFB1842C2DD3E7000BFD14 /* FinanceTips.swift */; };
		BDD3095E2C2DE0580085817D /* addTask.swift in Sources */ = {isa = PBXBuildFile; fileRef = BDD3095D2C2DE0580085817D /* addTask.swift */; };
		C13D92A32C2E4CE100FB7F21 /* ToDoItem.swift in Sources */ = {isa = PBXBuildFile; fileRef = C13D92A22C2E4CE100FB7F21 /* ToDoItem.swift */; };
		C195D28D2C2EFD0C00746514 /* ProgressBars.swift in Sources */ = {isa = PBXBuildFile; fileRef = C195D28C2C2EFD0C00746514 /* ProgressBars.swift */; };
/* End PBXBuildFile section */

/* Begin PBXContainerItemProxy section */
		81D2D0D12C2DC4E400732648 /* PBXContainerItemProxy */ = {
			isa = PBXContainerItemProxy;
			containerPortal = 81D2D0B82C2DC4E100732648 /* Project object */;
			proxyType = 1;
			remoteGlobalIDString = 81D2D0BF2C2DC4E100732648;
			remoteInfo = Prododoro;
		};
		81D2D0DB2C2DC4E400732648 /* PBXContainerItemProxy */ = {
			isa = PBXContainerItemProxy;
			containerPortal = 81D2D0B82C2DC4E100732648 /* Project object */;
			proxyType = 1;
			remoteGlobalIDString = 81D2D0BF2C2DC4E100732648;
			remoteInfo = Prododoro;
		};
/* End PBXContainerItemProxy section */

/* Begin PBXFileReference section */
		81D2D0C02C2DC4E100732648 /* Prododoro.app */ = {isa = PBXFileReference; explicitFileType = wrapper.application; includeInIndex = 0; path = Prododoro.app; sourceTree = BUILT_PRODUCTS_DIR; };
		81D2D0C32C2DC4E100732648 /* PrododoroApp.swift */ = {isa = PBXFileReference; lastKnownFileType = sourcecode.swift; path = PrododoroApp.swift; sourceTree = "<group>"; };
		81D2D0C52C2DC4E100732648 /* ContentView.swift */ = {isa = PBXFileReference; lastKnownFileType = sourcecode.swift; path = ContentView.swift; sourceTree = "<group>"; };
		81D2D0C72C2DC4E300732648 /* Assets.xcassets */ = {isa = PBXFileReference; lastKnownFileType = folder.assetcatalog; path = Assets.xcassets; sourceTree = "<group>"; };
		81D2D0CA2C2DC4E300732648 /* Preview Assets.xcassets */ = {isa = PBXFileReference; lastKnownFileType = folder.assetcatalog; path = "Preview Assets.xcassets"; sourceTree = "<group>"; };
		81D2D0D02C2DC4E400732648 /* PrododoroTests.xctest */ = {isa = PBXFileReference; explicitFileType = wrapper.cfbundle; includeInIndex = 0; path = PrododoroTests.xctest; sourceTree = BUILT_PRODUCTS_DIR; };
		81D2D0D42C2DC4E400732648 /* PrododoroTests.swift */ = {isa = PBXFileReference; lastKnownFileType = sourcecode.swift; path = PrododoroTests.swift; sourceTree = "<group>"; };
		81D2D0DA2C2DC4E400732648 /* PrododoroUITests.xctest */ = {isa = PBXFileReference; explicitFileType = wrapper.cfbundle; includeInIndex = 0; path = PrododoroUITests.xctest; sourceTree = BUILT_PRODUCTS_DIR; };
		81D2D0DE2C2DC4E400732648 /* PrododoroUITests.swift */ = {isa = PBXFileReference; lastKnownFileType = sourcecode.swift; path = PrododoroUITests.swift; sourceTree = "<group>"; };
		81D2D0E02C2DC4E400732648 /* PrododoroUITestsLaunchTests.swift */ = {isa = PBXFileReference; lastKnownFileType = sourcecode.swift; path = PrododoroUITestsLaunchTests.swift; sourceTree = "<group>"; };
		81D2D0ED2C2DC4FA00732648 /* MenuView.swift */ = {isa = PBXFileReference; lastKnownFileType = sourcecode.swift; path = MenuView.swift; sourceTree = "<group>"; };
		81D2D0EF2C2DC50900732648 /* SettingsView.swift */ = {isa = PBXFileReference; lastKnownFileType = sourcecode.swift; path = SettingsView.swift; sourceTree = "<group>"; };
		81D2D0F12C2DC51200732648 /* Finance.swift */ = {isa = PBXFileReference; lastKnownFileType = sourcecode.swift; path = Finance.swift; sourceTree = "<group>"; };
		81D2D0F32C2DC51C00732648 /* To Do.swift */ = {isa = PBXFileReference; lastKnownFileType = sourcecode.swift; path = "To Do.swift"; sourceTree = "<group>"; };
		81D2D0F52C2DC52700732648 /* Completed.swift */ = {isa = PBXFileReference; lastKnownFileType = sourcecode.swift; path = Completed.swift; sourceTree = "<group>"; };
		81D2D0F72C2DC53500732648 /* Quotes.swift */ = {isa = PBXFileReference; lastKnownFileType = sourcecode.swift; path = Quotes.swift; sourceTree = "<group>"; };
		81D2D0F92C2DC6B400732648 /* TaskTimer.swift */ = {isa = PBXFileReference; lastKnownFileType = sourcecode.swift; path = TaskTimer.swift; sourceTree = "<group>"; };
		81D2D0FB2C2DC6DC00732648 /* TaskDone.swift */ = {isa = PBXFileReference; lastKnownFileType = sourcecode.swift; path = TaskDone.swift; sourceTree = "<group>"; };
		AFFFB1822C2DD3DB000BFD14 /* BudgetOverview.swift */ = {isa = PBXFileReference; lastKnownFileType = sourcecode.swift; path = BudgetOverview.swift; sourceTree = "<group>"; };
		AFFFB1842C2DD3E7000BFD14 /* FinanceTips.swift */ = {isa = PBXFileReference; lastKnownFileType = sourcecode.swift; path = FinanceTips.swift; sourceTree = "<group>"; };
		BDD3095D2C2DE0580085817D /* addTask.swift */ = {isa = PBXFileReference; lastKnownFileType = sourcecode.swift; path = addTask.swift; sourceTree = "<group>"; };
		C13D92A22C2E4CE100FB7F21 /* ToDoItem.swift */ = {isa = PBXFileReference; lastKnownFileType = sourcecode.swift; path = ToDoItem.swift; sourceTree = "<group>"; };
		C195D28C2C2EFD0C00746514 /* ProgressBars.swift */ = {isa = PBXFileReference; lastKnownFileType = sourcecode.swift; path = ProgressBars.swift; sourceTree = "<group>"; };
/* End PBXFileReference section */

/* Begin PBXFrameworksBuildPhase section */
		81D2D0BD2C2DC4E100732648 /* Frameworks */ = {
			isa = PBXFrameworksBuildPhase;
			buildActionMask = 2147483647;
			files = (
			);
			runOnlyForDeploymentPostprocessing = 0;
		};
		81D2D0CD2C2DC4E400732648 /* Frameworks */ = {
			isa = PBXFrameworksBuildPhase;
			buildActionMask = 2147483647;
			files = (
			);
			runOnlyForDeploymentPostprocessing = 0;
		};
		81D2D0D72C2DC4E400732648 /* Frameworks */ = {
			isa = PBXFrameworksBuildPhase;
			buildActionMask = 2147483647;
			files = (
			);
			runOnlyForDeploymentPostprocessing = 0;
		};
/* End PBXFrameworksBuildPhase section */

/* Begin PBXGroup section */
		81D2D0B72C2DC4E100732648 = {
			isa = PBXGroup;
			children = (
				81D2D0C22C2DC4E100732648 /* Prododoro */,
				81D2D0D32C2DC4E400732648 /* PrododoroTests */,
				81D2D0DD2C2DC4E400732648 /* PrododoroUITests */,
				81D2D0C12C2DC4E100732648 /* Products */,
			);
			sourceTree = "<group>";
		};
		81D2D0C12C2DC4E100732648 /* Products */ = {
			isa = PBXGroup;
			children = (
				81D2D0C02C2DC4E100732648 /* Prododoro.app */,
				81D2D0D02C2DC4E400732648 /* PrododoroTests.xctest */,
				81D2D0DA2C2DC4E400732648 /* PrododoroUITests.xctest */,
			);
			name = Products;
			sourceTree = "<group>";
		};
		81D2D0C22C2DC4E100732648 /* Prododoro */ = {
			isa = PBXGroup;
			children = (
				81D2D0C32C2DC4E100732648 /* PrododoroApp.swift */,
				81D2D0ED2C2DC4FA00732648 /* MenuView.swift */,
				81D2D0EF2C2DC50900732648 /* SettingsView.swift */,
				81D2D0C52C2DC4E100732648 /* ContentView.swift */,
				81D2D0F12C2DC51200732648 /* Finance.swift */,
				AFFFB1842C2DD3E7000BFD14 /* FinanceTips.swift */,
				C195D28C2C2EFD0C00746514 /* ProgressBars.swift */,
				AFFFB1822C2DD3DB000BFD14 /* BudgetOverview.swift */,
				81D2D0F52C2DC52700732648 /* Completed.swift */,
				81D2D0F32C2DC51C00732648 /* To Do.swift */,
				C13D92A22C2E4CE100FB7F21 /* ToDoItem.swift */,
				BDD3095D2C2DE0580085817D /* addTask.swift */,
				81D2D0F72C2DC53500732648 /* Quotes.swift */,
				81D2D0C72C2DC4E300732648 /* Assets.xcassets */,
				81D2D0C92C2DC4E300732648 /* Preview Content */,
			);
			path = Prododoro;
			sourceTree = "<group>";
		};
		81D2D0C92C2DC4E300732648 /* Preview Content */ = {
			isa = PBXGroup;
			children = (
				81D2D0CA2C2DC4E300732648 /* Preview Assets.xcassets */,
				81D2D0F92C2DC6B400732648 /* TaskTimer.swift */,
				81D2D0FB2C2DC6DC00732648 /* TaskDone.swift */,
			);
			path = "Preview Content";
			sourceTree = "<group>";
		};
		81D2D0D32C2DC4E400732648 /* PrododoroTests */ = {
			isa = PBXGroup;
			children = (
				81D2D0D42C2DC4E400732648 /* PrododoroTests.swift */,
			);
			path = PrododoroTests;
			sourceTree = "<group>";
		};
		81D2D0DD2C2DC4E400732648 /* PrododoroUITests */ = {
			isa = PBXGroup;
			children = (
				81D2D0DE2C2DC4E400732648 /* PrododoroUITests.swift */,
				81D2D0E02C2DC4E400732648 /* PrododoroUITestsLaunchTests.swift */,
			);
			path = PrododoroUITests;
			sourceTree = "<group>";
		};
/* End PBXGroup section */

/* Begin PBXNativeTarget section */
		81D2D0BF2C2DC4E100732648 /* Prododoro */ = {
			isa = PBXNativeTarget;
			buildConfigurationList = 81D2D0E42C2DC4E400732648 /* Build configuration list for PBXNativeTarget "Prododoro" */;
			buildPhases = (
				81D2D0BC2C2DC4E100732648 /* Sources */,
				81D2D0BD2C2DC4E100732648 /* Frameworks */,
				81D2D0BE2C2DC4E100732648 /* Resources */,
			);
			buildRules = (
			);
			dependencies = (
			);
			name = Prododoro;
			productName = Prododoro;
			productReference = 81D2D0C02C2DC4E100732648 /* Prododoro.app */;
			productType = "com.apple.product-type.application";
		};
		81D2D0CF2C2DC4E400732648 /* PrododoroTests */ = {
			isa = PBXNativeTarget;
			buildConfigurationList = 81D2D0E72C2DC4E400732648 /* Build configuration list for PBXNativeTarget "PrododoroTests" */;
			buildPhases = (
				81D2D0CC2C2DC4E400732648 /* Sources */,
				81D2D0CD2C2DC4E400732648 /* Frameworks */,
				81D2D0CE2C2DC4E400732648 /* Resources */,
			);
			buildRules = (
			);
			dependencies = (
				81D2D0D22C2DC4E400732648 /* PBXTargetDependency */,
			);
			name = PrododoroTests;
			productName = PrododoroTests;
			productReference = 81D2D0D02C2DC4E400732648 /* PrododoroTests.xctest */;
			productType = "com.apple.product-type.bundle.unit-test";
		};
		81D2D0D92C2DC4E400732648 /* PrododoroUITests */ = {
			isa = PBXNativeTarget;
			buildConfigurationList = 81D2D0EA2C2DC4E400732648 /* Build configuration list for PBXNativeTarget "PrododoroUITests" */;
			buildPhases = (
				81D2D0D62C2DC4E400732648 /* Sources */,
				81D2D0D72C2DC4E400732648 /* Frameworks */,
				81D2D0D82C2DC4E400732648 /* Resources */,
			);
			buildRules = (
			);
			dependencies = (
				81D2D0DC2C2DC4E400732648 /* PBXTargetDependency */,
			);
			name = PrododoroUITests;
			productName = PrododoroUITests;
			productReference = 81D2D0DA2C2DC4E400732648 /* PrododoroUITests.xctest */;
			productType = "com.apple.product-type.bundle.ui-testing";
		};
/* End PBXNativeTarget section */

/* Begin PBXProject section */
		81D2D0B82C2DC4E100732648 /* Project object */ = {
			isa = PBXProject;
			attributes = {
				BuildIndependentTargetsInParallel = 1;
				LastSwiftUpdateCheck = 1540;
				LastUpgradeCheck = 1540;
				TargetAttributes = {
					81D2D0BF2C2DC4E100732648 = {
						CreatedOnToolsVersion = 15.4;
					};
					81D2D0CF2C2DC4E400732648 = {
						CreatedOnToolsVersion = 15.4;
						TestTargetID = 81D2D0BF2C2DC4E100732648;
					};
					81D2D0D92C2DC4E400732648 = {
						CreatedOnToolsVersion = 15.4;
						TestTargetID = 81D2D0BF2C2DC4E100732648;
					};
				};
			};
			buildConfigurationList = 81D2D0BB2C2DC4E100732648 /* Build configuration list for PBXProject "Prododoro" */;
			compatibilityVersion = "Xcode 14.0";
			developmentRegion = en;
			hasScannedForEncodings = 0;
			knownRegions = (
				en,
				Base,
			);
			mainGroup = 81D2D0B72C2DC4E100732648;
			productRefGroup = 81D2D0C12C2DC4E100732648 /* Products */;
			projectDirPath = "";
			projectRoot = "";
			targets = (
				81D2D0BF2C2DC4E100732648 /* Prododoro */,
				81D2D0CF2C2DC4E400732648 /* PrododoroTests */,
				81D2D0D92C2DC4E400732648 /* PrododoroUITests */,
			);
		};
/* End PBXProject section */

/* Begin PBXResourcesBuildPhase section */
		81D2D0BE2C2DC4E100732648 /* Resources */ = {
			isa = PBXResourcesBuildPhase;
			buildActionMask = 2147483647;
			files = (
				81D2D0CB2C2DC4E300732648 /* Preview Assets.xcassets in Resources */,
				81D2D0C82C2DC4E300732648 /* Assets.xcassets in Resources */,
			);
			runOnlyForDeploymentPostprocessing = 0;
		};
		81D2D0CE2C2DC4E400732648 /* Resources */ = {
			isa = PBXResourcesBuildPhase;
			buildActionMask = 2147483647;
			files = (
			);
			runOnlyForDeploymentPostprocessing = 0;
		};
		81D2D0D82C2DC4E400732648 /* Resources */ = {
			isa = PBXResourcesBuildPhase;
			buildActionMask = 2147483647;
			files = (
			);
			runOnlyForDeploymentPostprocessing = 0;
		};
/* End PBXResourcesBuildPhase section */

/* Begin PBXSourcesBuildPhase section */
		81D2D0BC2C2DC4E100732648 /* Sources */ = {
			isa = PBXSourcesBuildPhase;
			buildActionMask = 2147483647;
			files = (
				81D2D0F82C2DC53500732648 /* Quotes.swift in Sources */,
				AFFFB1832C2DD3DB000BFD14 /* BudgetOverview.swift in Sources */,
				C13D92A32C2E4CE100FB7F21 /* ToDoItem.swift in Sources */,
				81D2D0F62C2DC52700732648 /* Completed.swift in Sources */,
				81D2D0F42C2DC51C00732648 /* To Do.swift in Sources */,
				BDD3095E2C2DE0580085817D /* addTask.swift in Sources */,
				81D2D0FA2C2DC6B400732648 /* TaskTimer.swift in Sources */,
				81D2D0FC2C2DC6DC00732648 /* TaskDone.swift in Sources */,
				81D2D0C62C2DC4E100732648 /* ContentView.swift in Sources */,
				C195D28D2C2EFD0C00746514 /* ProgressBars.swift in Sources */,
				81D2D0F02C2DC50900732648 /* SettingsView.swift in Sources */,
				AFFFB1852C2DD3E7000BFD14 /* FinanceTips.swift in Sources */,
				81D2D0F22C2DC51200732648 /* Finance.swift in Sources */,
				81D2D0EE2C2DC4FA00732648 /* MenuView.swift in Sources */,
				81D2D0C42C2DC4E100732648 /* PrododoroApp.swift in Sources */,
			);
			runOnlyForDeploymentPostprocessing = 0;
		};
		81D2D0CC2C2DC4E400732648 /* Sources */ = {
			isa = PBXSourcesBuildPhase;
			buildActionMask = 2147483647;
			files = (
				81D2D0D52C2DC4E400732648 /* PrododoroTests.swift in Sources */,
			);
			runOnlyForDeploymentPostprocessing = 0;
		};
		81D2D0D62C2DC4E400732648 /* Sources */ = {
			isa = PBXSourcesBuildPhase;
			buildActionMask = 2147483647;
			files = (
				81D2D0DF2C2DC4E400732648 /* PrododoroUITests.swift in Sources */,
				81D2D0E12C2DC4E400732648 /* PrododoroUITestsLaunchTests.swift in Sources */,
			);
			runOnlyForDeploymentPostprocessing = 0;
		};
/* End PBXSourcesBuildPhase section */

/* Begin PBXTargetDependency section */
		81D2D0D22C2DC4E400732648 /* PBXTargetDependency */ = {
			isa = PBXTargetDependency;
			target = 81D2D0BF2C2DC4E100732648 /* Prododoro */;
			targetProxy = 81D2D0D12C2DC4E400732648 /* PBXContainerItemProxy */;
		};
		81D2D0DC2C2DC4E400732648 /* PBXTargetDependency */ = {
			isa = PBXTargetDependency;
			target = 81D2D0BF2C2DC4E100732648 /* Prododoro */;
			targetProxy = 81D2D0DB2C2DC4E400732648 /* PBXContainerItemProxy */;
		};
/* End PBXTargetDependency section */

/* Begin XCBuildConfiguration section */
		81D2D0E22C2DC4E400732648 /* Debug */ = {
			isa = XCBuildConfiguration;
			buildSettings = {
				ALWAYS_SEARCH_USER_PATHS = NO;
				ASSETCATALOG_COMPILER_GENERATE_SWIFT_ASSET_SYMBOL_EXTENSIONS = YES;
				CLANG_ANALYZER_NONNULL = YES;
				CLANG_ANALYZER_NUMBER_OBJECT_CONVERSION = YES_AGGRESSIVE;
				CLANG_CXX_LANGUAGE_STANDARD = "gnu++20";
				CLANG_ENABLE_MODULES = YES;
				CLANG_ENABLE_OBJC_ARC = YES;
				CLANG_ENABLE_OBJC_WEAK = YES;
				CLANG_WARN_BLOCK_CAPTURE_AUTORELEASING = YES;
				CLANG_WARN_BOOL_CONVERSION = YES;
				CLANG_WARN_COMMA = YES;
				CLANG_WARN_CONSTANT_CONVERSION = YES;
				CLANG_WARN_DEPRECATED_OBJC_IMPLEMENTATIONS = YES;
				CLANG_WARN_DIRECT_OBJC_ISA_USAGE = YES_ERROR;
				CLANG_WARN_DOCUMENTATION_COMMENTS = YES;
				CLANG_WARN_EMPTY_BODY = YES;
				CLANG_WARN_ENUM_CONVERSION = YES;
				CLANG_WARN_INFINITE_RECURSION = YES;
				CLANG_WARN_INT_CONVERSION = YES;
				CLANG_WARN_NON_LITERAL_NULL_CONVERSION = YES;
				CLANG_WARN_OBJC_IMPLICIT_RETAIN_SELF = YES;
				CLANG_WARN_OBJC_LITERAL_CONVERSION = YES;
				CLANG_WARN_OBJC_ROOT_CLASS = YES_ERROR;
				CLANG_WARN_QUOTED_INCLUDE_IN_FRAMEWORK_HEADER = YES;
				CLANG_WARN_RANGE_LOOP_ANALYSIS = YES;
				CLANG_WARN_STRICT_PROTOTYPES = YES;
				CLANG_WARN_SUSPICIOUS_MOVE = YES;
				CLANG_WARN_UNGUARDED_AVAILABILITY = YES_AGGRESSIVE;
				CLANG_WARN_UNREACHABLE_CODE = YES;
				CLANG_WARN__DUPLICATE_METHOD_MATCH = YES;
				COPY_PHASE_STRIP = NO;
				DEBUG_INFORMATION_FORMAT = dwarf;
				ENABLE_STRICT_OBJC_MSGSEND = YES;
				ENABLE_TESTABILITY = YES;
				ENABLE_USER_SCRIPT_SANDBOXING = YES;
				GCC_C_LANGUAGE_STANDARD = gnu17;
				GCC_DYNAMIC_NO_PIC = NO;
				GCC_NO_COMMON_BLOCKS = YES;
				GCC_OPTIMIZATION_LEVEL = 0;
				GCC_PREPROCESSOR_DEFINITIONS = (
					"DEBUG=1",
					"$(inherited)",
				);
				GCC_WARN_64_TO_32_BIT_CONVERSION = YES;
				GCC_WARN_ABOUT_RETURN_TYPE = YES_ERROR;
				GCC_WARN_UNDECLARED_SELECTOR = YES;
				GCC_WARN_UNINITIALIZED_AUTOS = YES_AGGRESSIVE;
				GCC_WARN_UNUSED_FUNCTION = YES;
				GCC_WARN_UNUSED_VARIABLE = YES;
				IPHONEOS_DEPLOYMENT_TARGET = 17.5;
				LOCALIZATION_PREFERS_STRING_CATALOGS = YES;
				MTL_ENABLE_DEBUG_INFO = INCLUDE_SOURCE;
				MTL_FAST_MATH = YES;
				ONLY_ACTIVE_ARCH = YES;
				SDKROOT = iphoneos;
				SWIFT_ACTIVE_COMPILATION_CONDITIONS = "DEBUG $(inherited)";
				SWIFT_OPTIMIZATION_LEVEL = "-Onone";
			};
			name = Debug;
		};
		81D2D0E32C2DC4E400732648 /* Release */ = {
			isa = XCBuildConfiguration;
			buildSettings = {
				ALWAYS_SEARCH_USER_PATHS = NO;
				ASSETCATALOG_COMPILER_GENERATE_SWIFT_ASSET_SYMBOL_EXTENSIONS = YES;
				CLANG_ANALYZER_NONNULL = YES;
				CLANG_ANALYZER_NUMBER_OBJECT_CONVERSION = YES_AGGRESSIVE;
				CLANG_CXX_LANGUAGE_STANDARD = "gnu++20";
				CLANG_ENABLE_MODULES = YES;
				CLANG_ENABLE_OBJC_ARC = YES;
				CLANG_ENABLE_OBJC_WEAK = YES;
				CLANG_WARN_BLOCK_CAPTURE_AUTORELEASING = YES;
				CLANG_WARN_BOOL_CONVERSION = YES;
				CLANG_WARN_COMMA = YES;
				CLANG_WARN_CONSTANT_CONVERSION = YES;
				CLANG_WARN_DEPRECATED_OBJC_IMPLEMENTATIONS = YES;
				CLANG_WARN_DIRECT_OBJC_ISA_USAGE = YES_ERROR;
				CLANG_WARN_DOCUMENTATION_COMMENTS = YES;
				CLANG_WARN_EMPTY_BODY = YES;
				CLANG_WARN_ENUM_CONVERSION = YES;
				CLANG_WARN_INFINITE_RECURSION = YES;
				CLANG_WARN_INT_CONVERSION = YES;
				CLANG_WARN_NON_LITERAL_NULL_CONVERSION = YES;
				CLANG_WARN_OBJC_IMPLICIT_RETAIN_SELF = YES;
				CLANG_WARN_OBJC_LITERAL_CONVERSION = YES;
				CLANG_WARN_OBJC_ROOT_CLASS = YES_ERROR;
				CLANG_WARN_QUOTED_INCLUDE_IN_FRAMEWORK_HEADER = YES;
				CLANG_WARN_RANGE_LOOP_ANALYSIS = YES;
				CLANG_WARN_STRICT_PROTOTYPES = YES;
				CLANG_WARN_SUSPICIOUS_MOVE = YES;
				CLANG_WARN_UNGUARDED_AVAILABILITY = YES_AGGRESSIVE;
				CLANG_WARN_UNREACHABLE_CODE = YES;
				CLANG_WARN__DUPLICATE_METHOD_MATCH = YES;
				COPY_PHASE_STRIP = NO;
				DEBUG_INFORMATION_FORMAT = "dwarf-with-dsym";
				ENABLE_NS_ASSERTIONS = NO;
				ENABLE_STRICT_OBJC_MSGSEND = YES;
				ENABLE_USER_SCRIPT_SANDBOXING = YES;
				GCC_C_LANGUAGE_STANDARD = gnu17;
				GCC_NO_COMMON_BLOCKS = YES;
				GCC_WARN_64_TO_32_BIT_CONVERSION = YES;
				GCC_WARN_ABOUT_RETURN_TYPE = YES_ERROR;
				GCC_WARN_UNDECLARED_SELECTOR = YES;
				GCC_WARN_UNINITIALIZED_AUTOS = YES_AGGRESSIVE;
				GCC_WARN_UNUSED_FUNCTION = YES;
				GCC_WARN_UNUSED_VARIABLE = YES;
				IPHONEOS_DEPLOYMENT_TARGET = 17.5;
				LOCALIZATION_PREFERS_STRING_CATALOGS = YES;
				MTL_ENABLE_DEBUG_INFO = NO;
				MTL_FAST_MATH = YES;
				SDKROOT = iphoneos;
				SWIFT_COMPILATION_MODE = wholemodule;
				VALIDATE_PRODUCT = YES;
			};
			name = Release;
		};
		81D2D0E52C2DC4E400732648 /* Debug */ = {
			isa = XCBuildConfiguration;
			buildSettings = {
				ASSETCATALOG_COMPILER_APPICON_NAME = AppIcon;
				ASSETCATALOG_COMPILER_GLOBAL_ACCENT_COLOR_NAME = AccentColor;
				CODE_SIGN_STYLE = Automatic;
				CURRENT_PROJECT_VERSION = 1;
				DEVELOPMENT_ASSET_PATHS = "\"Prododoro/Preview Content\"";
				ENABLE_PREVIEWS = YES;
				GENERATE_INFOPLIST_FILE = YES;
				INFOPLIST_KEY_UIApplicationSceneManifest_Generation = YES;
				INFOPLIST_KEY_UIApplicationSupportsIndirectInputEvents = YES;
				INFOPLIST_KEY_UILaunchScreen_Generation = YES;
				INFOPLIST_KEY_UISupportedInterfaceOrientations_iPad = "UIInterfaceOrientationPortrait UIInterfaceOrientationPortraitUpsideDown UIInterfaceOrientationLandscapeLeft UIInterfaceOrientationLandscapeRight";
				INFOPLIST_KEY_UISupportedInterfaceOrientations_iPhone = "UIInterfaceOrientationPortrait UIInterfaceOrientationLandscapeLeft UIInterfaceOrientationLandscapeRight";
				LD_RUNPATH_SEARCH_PATHS = (
					"$(inherited)",
					"@executable_path/Frameworks",
				);
				MARKETING_VERSION = 1.0;
				PRODUCT_BUNDLE_IDENTIFIER = KWK.Prododoro;
				PRODUCT_NAME = "$(TARGET_NAME)";
				SWIFT_EMIT_LOC_STRINGS = YES;
				SWIFT_VERSION = 5.0;
				TARGETED_DEVICE_FAMILY = "1,2";
			};
			name = Debug;
		};
		81D2D0E62C2DC4E400732648 /* Release */ = {
			isa = XCBuildConfiguration;
			buildSettings = {
				ASSETCATALOG_COMPILER_APPICON_NAME = AppIcon;
				ASSETCATALOG_COMPILER_GLOBAL_ACCENT_COLOR_NAME = AccentColor;
				CODE_SIGN_STYLE = Automatic;
				CURRENT_PROJECT_VERSION = 1;
				DEVELOPMENT_ASSET_PATHS = "\"Prododoro/Preview Content\"";
				ENABLE_PREVIEWS = YES;
				GENERATE_INFOPLIST_FILE = YES;
				INFOPLIST_KEY_UIApplicationSceneManifest_Generation = YES;
				INFOPLIST_KEY_UIApplicationSupportsIndirectInputEvents = YES;
				INFOPLIST_KEY_UILaunchScreen_Generation = YES;
				INFOPLIST_KEY_UISupportedInterfaceOrientations_iPad = "UIInterfaceOrientationPortrait UIInterfaceOrientationPortraitUpsideDown UIInterfaceOrientationLandscapeLeft UIInterfaceOrientationLandscapeRight";
				INFOPLIST_KEY_UISupportedInterfaceOrientations_iPhone = "UIInterfaceOrientationPortrait UIInterfaceOrientationLandscapeLeft UIInterfaceOrientationLandscapeRight";
				LD_RUNPATH_SEARCH_PATHS = (
					"$(inherited)",
					"@executable_path/Frameworks",
				);
				MARKETING_VERSION = 1.0;
				PRODUCT_BUNDLE_IDENTIFIER = KWK.Prododoro;
				PRODUCT_NAME = "$(TARGET_NAME)";
				SWIFT_EMIT_LOC_STRINGS = YES;
				SWIFT_VERSION = 5.0;
				TARGETED_DEVICE_FAMILY = "1,2";
			};
			name = Release;
		};
		81D2D0E82C2DC4E400732648 /* Debug */ = {
			isa = XCBuildConfiguration;
			buildSettings = {
				ALWAYS_EMBED_SWIFT_STANDARD_LIBRARIES = YES;
				BUNDLE_LOADER = "$(TEST_HOST)";
				CODE_SIGN_STYLE = Automatic;
				CURRENT_PROJECT_VERSION = 1;
				GENERATE_INFOPLIST_FILE = YES;
				IPHONEOS_DEPLOYMENT_TARGET = 17.5;
				MARKETING_VERSION = 1.0;
				PRODUCT_BUNDLE_IDENTIFIER = KWK.PrododoroTests;
				PRODUCT_NAME = "$(TARGET_NAME)";
				SWIFT_EMIT_LOC_STRINGS = NO;
				SWIFT_VERSION = 5.0;
				TARGETED_DEVICE_FAMILY = "1,2";
				TEST_HOST = "$(BUILT_PRODUCTS_DIR)/Prododoro.app/$(BUNDLE_EXECUTABLE_FOLDER_PATH)/Prododoro";
			};
			name = Debug;
		};
		81D2D0E92C2DC4E400732648 /* Release */ = {
			isa = XCBuildConfiguration;
			buildSettings = {
				ALWAYS_EMBED_SWIFT_STANDARD_LIBRARIES = YES;
				BUNDLE_LOADER = "$(TEST_HOST)";
				CODE_SIGN_STYLE = Automatic;
				CURRENT_PROJECT_VERSION = 1;
				GENERATE_INFOPLIST_FILE = YES;
				IPHONEOS_DEPLOYMENT_TARGET = 17.5;
				MARKETING_VERSION = 1.0;
				PRODUCT_BUNDLE_IDENTIFIER = KWK.PrododoroTests;
				PRODUCT_NAME = "$(TARGET_NAME)";
				SWIFT_EMIT_LOC_STRINGS = NO;
				SWIFT_VERSION = 5.0;
				TARGETED_DEVICE_FAMILY = "1,2";
				TEST_HOST = "$(BUILT_PRODUCTS_DIR)/Prododoro.app/$(BUNDLE_EXECUTABLE_FOLDER_PATH)/Prododoro";
			};
			name = Release;
		};
		81D2D0EB2C2DC4E400732648 /* Debug */ = {
			isa = XCBuildConfiguration;
			buildSettings = {
				ALWAYS_EMBED_SWIFT_STANDARD_LIBRARIES = YES;
				CODE_SIGN_STYLE = Automatic;
				CURRENT_PROJECT_VERSION = 1;
				GENERATE_INFOPLIST_FILE = YES;
				MARKETING_VERSION = 1.0;
				PRODUCT_BUNDLE_IDENTIFIER = KWK.PrododoroUITests;
				PRODUCT_NAME = "$(TARGET_NAME)";
				SWIFT_EMIT_LOC_STRINGS = NO;
				SWIFT_VERSION = 5.0;
				TARGETED_DEVICE_FAMILY = "1,2";
				TEST_TARGET_NAME = Prododoro;
			};
			name = Debug;
		};
		81D2D0EC2C2DC4E400732648 /* Release */ = {
			isa = XCBuildConfiguration;
			buildSettings = {
				ALWAYS_EMBED_SWIFT_STANDARD_LIBRARIES = YES;
				CODE_SIGN_STYLE = Automatic;
				CURRENT_PROJECT_VERSION = 1;
				GENERATE_INFOPLIST_FILE = YES;
				MARKETING_VERSION = 1.0;
				PRODUCT_BUNDLE_IDENTIFIER = KWK.PrododoroUITests;
				PRODUCT_NAME = "$(TARGET_NAME)";
				SWIFT_EMIT_LOC_STRINGS = NO;
				SWIFT_VERSION = 5.0;
				TARGETED_DEVICE_FAMILY = "1,2";
				TEST_TARGET_NAME = Prododoro;
			};
			name = Release;
		};
/* End XCBuildConfiguration section */

/* Begin XCConfigurationList section */
		81D2D0BB2C2DC4E100732648 /* Build configuration list for PBXProject "Prododoro" */ = {
			isa = XCConfigurationList;
			buildConfigurations = (
				81D2D0E22C2DC4E400732648 /* Debug */,
				81D2D0E32C2DC4E400732648 /* Release */,
			);
			defaultConfigurationIsVisible = 0;
			defaultConfigurationName = Release;
		};
		81D2D0E42C2DC4E400732648 /* Build configuration list for PBXNativeTarget "Prododoro" */ = {
			isa = XCConfigurationList;
			buildConfigurations = (
				81D2D0E52C2DC4E400732648 /* Debug */,
				81D2D0E62C2DC4E400732648 /* Release */,
			);
			defaultConfigurationIsVisible = 0;
			defaultConfigurationName = Release;
		};
		81D2D0E72C2DC4E400732648 /* Build configuration list for PBXNativeTarget "PrododoroTests" */ = {
			isa = XCConfigurationList;
			buildConfigurations = (
				81D2D0E82C2DC4E400732648 /* Debug */,
				81D2D0E92C2DC4E400732648 /* Release */,
			);
			defaultConfigurationIsVisible = 0;
			defaultConfigurationName = Release;
		};
		81D2D0EA2C2DC4E400732648 /* Build configuration list for PBXNativeTarget "PrododoroUITests" */ = {
			isa = XCConfigurationList;
			buildConfigurations = (
				81D2D0EB2C2DC4E400732648 /* Debug */,
				81D2D0EC2C2DC4E400732648 /* Release */,
			);
			defaultConfigurationIsVisible = 0;
			defaultConfigurationName = Release;
		};
/* End XCConfigurationList section */
	};
	rootObject = 81D2D0B82C2DC4E100732648 /* Project object */;
}
